
Microsoft Visual Studio Solution File, Format Version 12.00
# Visual Studio Version 17
VisualStudioVersion = 17.0.31903.59
MinimumVisualStudioVersion = 10.0.40219.1
Project("{2150E333-8FDC-42A3-9474-1A3956D46DE8}") = "src", "src", "{827E0CD3-B72D-47B6-A68D-7590B98EB39B}"
EndProject
Project("{FAE04EC0-301F-11D3-BF4B-00C04F79EFBC}") = "ServiceDefaults", "src\ServiceDefaults\ServiceDefaults.csproj", "{C9DD531D-93EA-4D52-9942-998377061FA9}"
EndProject
Project("{FAE04EC0-301F-11D3-BF4B-00C04F79EFBC}") = "AppHost", "src\AppHost\AppHost.csproj", "{766439BC-48AD-4937-856C-745934F80E0B}"
EndProject
Project("{FAE04EC0-301F-11D3-BF4B-00C04F79EFBC}") = "Orders", "src\Orders\Orders.csproj", "{C78C2E37-F780-41E4-9325-2D195F9C4655}"
EndProject
Project("{FAE04EC0-301F-11D3-BF4B-00C04F79EFBC}") = "Payments", "src\Payments\Payments.csproj", "{4DCA0CCF-8E1C-401A-9065-242634844A37}"
EndProject
Global
	GlobalSection(SolutionConfigurationPlatforms) = preSolution
		Debug|Any CPU = Debug|Any CPU
		Debug|x64 = Debug|x64
		Debug|x86 = Debug|x86
		Release|Any CPU = Release|Any CPU
		Release|x64 = Release|x64
		Release|x86 = Release|x86
	EndGlobalSection
	GlobalSection(ProjectConfigurationPlatforms) = postSolution
		{C9DD531D-93EA-4D52-9942-998377061FA9}.Debug|Any CPU.ActiveCfg = Debug|Any CPU
		{C9DD531D-93EA-4D52-9942-998377061FA9}.Debug|Any CPU.Build.0 = Debug|Any CPU
		{C9DD531D-93EA-4D52-9942-998377061FA9}.Debug|x64.ActiveCfg = Debug|Any CPU
		{C9DD531D-93EA-4D52-9942-998377061FA9}.Debug|x64.Build.0 = Debug|Any CPU
		{C9DD531D-93EA-4D52-9942-998377061FA9}.Debug|x86.ActiveCfg = Debug|Any CPU
		{C9DD531D-93EA-4D52-9942-998377061FA9}.Debug|x86.Build.0 = Debug|Any CPU
		{C9DD531D-93EA-4D52-9942-998377061FA9}.Release|Any CPU.ActiveCfg = Release|Any CPU
		{C9DD531D-93EA-4D52-9942-998377061FA9}.Release|Any CPU.Build.0 = Release|Any CPU
		{C9DD531D-93EA-4D52-9942-998377061FA9}.Release|x64.ActiveCfg = Release|Any CPU
		{C9DD531D-93EA-4D52-9942-998377061FA9}.Release|x64.Build.0 = Release|Any CPU
		{C9DD531D-93EA-4D52-9942-998377061FA9}.Release|x86.ActiveCfg = Release|Any CPU
		{C9DD531D-93EA-4D52-9942-998377061FA9}.Release|x86.Build.0 = Release|Any CPU
		{766439BC-48AD-4937-856C-745934F80E0B}.Debug|Any CPU.ActiveCfg = Debug|Any CPU
		{766439BC-48AD-4937-856C-745934F80E0B}.Debug|Any CPU.Build.0 = Debug|Any CPU
		{766439BC-48AD-4937-856C-745934F80E0B}.Debug|x64.ActiveCfg = Debug|Any CPU
		{766439BC-48AD-4937-856C-745934F80E0B}.Debug|x64.Build.0 = Debug|Any CPU
		{766439BC-48AD-4937-856C-745934F80E0B}.Debug|x86.ActiveCfg = Debug|Any CPU
		{766439BC-48AD-4937-856C-745934F80E0B}.Debug|x86.Build.0 = Debug|Any CPU
		{766439BC-48AD-4937-856C-745934F80E0B}.Release|Any CPU.ActiveCfg = Release|Any CPU
		{766439BC-48AD-4937-856C-745934F80E0B}.Release|Any CPU.Build.0 = Release|Any CPU
		{766439BC-48AD-4937-856C-745934F80E0B}.Release|x64.ActiveCfg = Release|Any CPU
		{766439BC-48AD-4937-856C-745934F80E0B}.Release|x64.Build.0 = Release|Any CPU
		{766439BC-48AD-4937-856C-745934F80E0B}.Release|x86.ActiveCfg = Release|Any CPU
		{766439BC-48AD-4937-856C-745934F80E0B}.Release|x86.Build.0 = Release|Any CPU
		{C78C2E37-F780-41E4-9325-2D195F9C4655}.Debug|Any CPU.ActiveCfg = Debug|Any CPU
		{C78C2E37-F780-41E4-9325-2D195F9C4655}.Debug|Any CPU.Build.0 = Debug|Any CPU
		{C78C2E37-F780-41E4-9325-2D195F9C4655}.Debug|x64.ActiveCfg = Debug|Any CPU
		{C78C2E37-F780-41E4-9325-2D195F9C4655}.Debug|x64.Build.0 = Debug|Any CPU
		{C78C2E37-F780-41E4-9325-2D195F9C4655}.Debug|x86.ActiveCfg = Debug|Any CPU
		{C78C2E37-F780-41E4-9325-2D195F9C4655}.Debug|x86.Build.0 = Debug|Any CPU
		{C78C2E37-F780-41E4-9325-2D195F9C4655}.Release|Any CPU.ActiveCfg = Release|Any CPU
		{C78C2E37-F780-41E4-9325-2D195F9C4655}.Release|Any CPU.Build.0 = Release|Any CPU
		{C78C2E37-F780-41E4-9325-2D195F9C4655}.Release|x64.ActiveCfg = Release|Any CPU
		{C78C2E37-F780-41E4-9325-2D195F9C4655}.Release|x64.Build.0 = Release|Any CPU
		{C78C2E37-F780-41E4-9325-2D195F9C4655}.Release|x86.ActiveCfg = Release|Any CPU
		{C78C2E37-F780-41E4-9325-2D195F9C4655}.Release|x86.Build.0 = Release|Any CPU
		{4DCA0CCF-8E1C-401A-9065-242634844A37}.Debug|Any CPU.ActiveCfg = Debug|Any CPU
		{4DCA0CCF-8E1C-401A-9065-242634844A37}.Debug|Any CPU.Build.0 = Debug|Any CPU
		{4DCA0CCF-8E1C-401A-9065-242634844A37}.Debug|x64.ActiveCfg = Debug|Any CPU
		{4DCA0CCF-8E1C-401A-9065-242634844A37}.Debug|x64.Build.0 = Debug|Any CPU
		{4DCA0CCF-8E1C-401A-9065-242634844A37}.Debug|x86.ActiveCfg = Debug|Any CPU
		{4DCA0CCF-8E1C-401A-9065-242634844A37}.Debug|x86.Build.0 = Debug|Any CPU
		{4DCA0CCF-8E1C-401A-9065-242634844A37}.Release|Any CPU.ActiveCfg = Release|Any CPU
		{4DCA0CCF-8E1C-401A-9065-242634844A37}.Release|Any CPU.Build.0 = Release|Any CPU
		{4DCA0CCF-8E1C-401A-9065-242634844A37}.Release|x64.ActiveCfg = Release|Any CPU
		{4DCA0CCF-8E1C-401A-9065-242634844A37}.Release|x64.Build.0 = Release|Any CPU
		{4DCA0CCF-8E1C-401A-9065-242634844A37}.Release|x86.ActiveCfg = Release|Any CPU
		{4DCA0CCF-8E1C-401A-9065-242634844A37}.Release|x86.Build.0 = Release|Any CPU
	EndGlobalSection
	GlobalSection(SolutionProperties) = preSolution
		HideSolutionNode = FALSE
	EndGlobalSection
	GlobalSection(NestedProjects) = preSolution
		{C9DD531D-93EA-4D52-9942-998377061FA9} = {827E0CD3-B72D-47B6-A68D-7590B98EB39B}
		{766439BC-48AD-4937-856C-745934F80E0B} = {827E0CD3-B72D-47B6-A68D-7590B98EB39B}
		{C78C2E37-F780-41E4-9325-2D195F9C4655} = {827E0CD3-B72D-47B6-A68D-7590B98EB39B}
		{4DCA0CCF-8E1C-401A-9065-242634844A37} = {827E0CD3-B72D-47B6-A68D-7590B98EB39B}
	EndGlobalSection
EndGlobal
